<?xml version="1.0" encoding="utf-8"?>
<Project ToolsVersion="4.0" xmlns="http://schemas.microsoft.com/developer/msbuild/2003">
  <ItemGroup>
    <Filter Include="Dimon">
      <UniqueIdentifier>{9CF4080D-0809-31BE-D18A-D41D3D5E2DEF}</UniqueIdentifier>
    </Filter>
    <Filter Include="Dimon\Events">
      <UniqueIdentifier>{00D98196-EC3B-113B-95C1-49F18103DDBD}</UniqueIdentifier>
    </Filter>
  </ItemGroup>
  <ItemGroup>
    <ClInclude Include="src\Dimon.h" />
    <ClInclude Include="src\Dimon\Application.h">
      <Filter>Dimon</Filter>
    </ClInclude>
    <ClInclude Include="src\Dimon\Core.h">
      <Filter>Dimon</Filter>
    </ClInclude>
    <ClInclude Include="src\Dimon\Entry.h">
      <Filter>Dimon</Filter>
    </ClInclude>
    <ClInclude Include="src\Dimon\Events\ApplicationEvent.h">
      <Filter>Dimon\Events</Filter>
    </ClInclude>
    <ClInclude Include="src\Dimon\Events\Event.h">
      <Filter>Dimon\Events</Filter>
    </ClInclude>
    <ClInclude Include="src\Dimon\Events\KeyEvent.h">
      <Filter>Dimon\Events</Filter>
    </ClInclude>
    <ClInclude Include="src\Dimon\Events\MouseEvent.h">
      <Filter>Dimon\Events</Filter>
    </ClInclude>
    <ClInclude Include="src\Dimon\Log.h">
      <Filter>Dimon</Filter>
    </ClInclude>
    <ClInclude Include="src\dmpch.h" />
    <ClInclude Include="src\Dimon\Window.h" />
    <ClInclude Include="src\Platform\Windows\WindowsWindow.h" />
  </ItemGroup>
  <ItemGroup>
    <ClCompile Include="src\Dimon\Application.cpp">
      <Filter>Dimon</Filter>
    </ClCompile>
    <ClCompile Include="src\Dimon\Log.cpp">
      <Filter>Dimon</Filter>
    </ClCompile>
    <ClCompile Include="src\dmpch.cpp" />
    <ClCompile Include="src\Platform\Windows\WindowsWindow.cpp" />
  </ItemGroup>
</Project>