<?xml version="1.0" encoding="utf-8"?>
<Project ToolsVersion="4.0" xmlns="http://schemas.microsoft.com/developer/msbuild/2003">
  <ItemGroup>
    <Filter Include="Dimon">
      <UniqueIdentifier>{9CF4080D-0809-31BE-D18A-D41D3D5E2DEF}</UniqueIdentifier>
    </Filter>
    <Filter Include="Dimon\Events">
      <UniqueIdentifier>{00D98196-EC3B-113B-95C1-49F18103DDBD}</UniqueIdentifier>
    </Filter>
    <Filter Include="Dimon\Layer">
      <UniqueIdentifier>{68F6A590-D4AB-1E86-5DA0-185DC954158A}</UniqueIdentifier>
    </Filter>
    <Filter Include="Platform">
      <UniqueIdentifier>{2AC788B4-1694-E3BF-3FAD-D1672BD9184E}</UniqueIdentifier>
    </Filter>
    <Filter Include="Platform\Windows">
      <UniqueIdentifier>{64FBD71A-50F4-F66C-7926-DCF1657ED678}</UniqueIdentifier>
    </Filter>
  </ItemGroup>
  <ItemGroup>
    <ClInclude Include="src\Dimon.h" />
    <ClInclude Include="src\Dimon\Application.h">
      <Filter>Dimon</Filter>
    </ClInclude>
    <ClInclude Include="src\Dimon\Core.h">
      <Filter>Dimon</Filter>
    </ClInclude>
    <ClInclude Include="src\Dimon\Entry.h">
      <Filter>Dimon</Filter>
    </ClInclude>
    <ClInclude Include="src\Dimon\Events\ApplicationEvent.h">
      <Filter>Dimon\Events</Filter>
    </ClInclude>
    <ClInclude Include="src\Dimon\Events\Event.h">
      <Filter>Dimon\Events</Filter>
    </ClInclude>
    <ClInclude Include="src\Dimon\Events\KeyEvent.h">
      <Filter>Dimon\Events</Filter>
    </ClInclude>
    <ClInclude Include="src\Dimon\Events\MouseEvent.h">
      <Filter>Dimon\Events</Filter>
    </ClInclude>
    <ClInclude Include="src\Dimon\Layer\Layer.h">
      <Filter>Dimon\Layer</Filter>
    </ClInclude>
    <ClInclude Include="src\Dimon\Layer\LeyerStack.h">
      <Filter>Dimon\Layer</Filter>
    </ClInclude>
    <ClInclude Include="src\Dimon\Log.h">
      <Filter>Dimon</Filter>
    </ClInclude>
    <ClInclude Include="src\Dimon\Window.h">
      <Filter>Dimon</Filter>
    </ClInclude>
    <ClInclude Include="src\Platform\Windows\WindowsWindow.h">
      <Filter>Platform\Windows</Filter>
    </ClInclude>
    <ClInclude Include="src\dmpch.h" />
    <ClInclude Include="src\Dimon\Layer\ImGui\ImGuiLayer.h" />
    <ClInclude Include="src\Platform\OpenGL\OpenGLRenderer.h" />
    <ClInclude Include="src\Dimon\Util\FileUtil.h" />
    <ClInclude Include="src\Dimon\Shaders\ShaderLoader.h" />
  </ItemGroup>
  <ItemGroup>
    <ClCompile Include="src\Dimon\Application.cpp">
      <Filter>Dimon</Filter>
    </ClCompile>
    <ClCompile Include="src\Dimon\Layer\Layer.cpp">
      <Filter>Dimon\Layer</Filter>
    </ClCompile>
    <ClCompile Include="src\Dimon\Layer\LayerStack.cpp">
      <Filter>Dimon\Layer</Filter>
    </ClCompile>
    <ClCompile Include="src\Dimon\Log.cpp">
      <Filter>Dimon</Filter>
    </ClCompile>
    <ClCompile Include="src\Platform\Windows\WindowsWindow.cpp">
      <Filter>Platform\Windows</Filter>
    </ClCompile>
    <ClCompile Include="src\dmpch.cpp" />
    <ClCompile Include="src\Dimon\Layer\ImGui\ImGuiLayer.cpp" />
    <ClCompile Include="src\Platform\OpenGL\OpenGLRenderer.cpp" />
    <ClCompile Include="src\Dimon\Util\FileUtil.cpp" />
    <ClCompile Include="src\Dimon\Shaders\ShaderLoader.cpp" />
  </ItemGroup>
  <ItemGroup>
    <None Include="src\Resources\Shaders\Basic.frag" />
    <None Include="src\Resources\Shaders\Water.vert" />
    <None Include="src\Resources\Shaders\Basic.vert" />
    <None Include="src\Resources\Shaders\Chunk.frag" />
    <None Include="src\Resources\Shaders\Chunk.vert" />
    <None Include="src\Resources\Shaders\Flora.vert" />
    <None Include="src\Resources\Shaders\Skybox.frag" />
    <None Include="src\Resources\Shaders\Skybox.vert" />
  </ItemGroup>
</Project>